
Microsoft Visual Studio Solution File, Format Version 12.00
# Visual Studio Version 16
VisualStudioVersion = 16.0.30204.135
MinimumVisualStudioVersion = 10.0.40219.1
Project("{FAE04EC0-301F-11D3-BF4B-00C04F79EFBC}") = "rapid2Controller", "rapid2Controler\rapid2Controller.csproj", "{31C4CD7D-9403-4CB1-AA0F-83B4F0559FC2}"
EndProject
Global
	GlobalSection(SolutionConfigurationPlatforms) = preSolution
		Debug|Any CPU = Debug|Any CPU
		Release|Any CPU = Release|Any CPU
	EndGlobalSection
	GlobalSection(ProjectConfigurationPlatforms) = postSolution
		{31C4CD7D-9403-4CB1-AA0F-83B4F0559FC2}.Debug|Any CPU.ActiveCfg = Debug|Any CPU
		{31C4CD7D-9403-4CB1-AA0F-83B4F0559FC2}.Debug|Any CPU.Build.0 = Debug|Any CPU
		{31C4CD7D-9403-4CB1-AA0F-83B4F0559FC2}.Release|Any CPU.ActiveCfg = Release|Any CPU
		{31C4CD7D-9403-4CB1-AA0F-83B4F0559FC2}.Release|Any CPU.Build.0 = Release|Any CPU
	EndGlobalSection
	GlobalSection(SolutionProperties) = preSolution
		HideSolutionNode = FALSE
	EndGlobalSection
	GlobalSection(ExtensibilityGlobals) = postSolution
		SolutionGuid = {4B4A31A1-1CE1-4999-A7A7-97784C69C2AB}
	EndGlobalSection
EndGlobal
